Microsoft Visual Studio Solution File, Format Version 12.00
# Visual Studio Version 17
VisualStudioVersion = 17.5.2.0
MinimumVisualStudioVersion = 10.0.40219.1
Project("{FAE04EC0-301F-11D3-BF4B-00C04F79EFBC}") = "FoodOrdering.API", "FoodOrdering.API.csproj", "{D5D84CBA-CCCE-DFCA-617A-E5955A8D363A}"
EndProject
Global
	GlobalSection(SolutionConfigurationPlatforms) = preSolution
		Debug|Any CPU = Debug|Any CPU
		Release|Any CPU = Release|Any CPU
	EndGlobalSection
	GlobalSection(ProjectConfigurationPlatforms) = postSolution
		{D5D84CBA-CCCE-DFCA-617A-E5955A8D363A}.Debug|Any CPU.ActiveCfg = Debug|Any CPU
		{D5D84CBA-CCCE-DFCA-617A-E5955A8D363A}.Debug|Any CPU.Build.0 = Debug|Any CPU
		{D5D84CBA-CCCE-DFCA-617A-E5955A8D363A}.Release|Any CPU.ActiveCfg = Release|Any CPU
		{D5D84CBA-CCCE-DFCA-617A-E5955A8D363A}.Release|Any CPU.Build.0 = Release|Any CPU
	EndGlobalSection
	GlobalSection(SolutionProperties) = preSolution
		HideSolutionNode = FALSE
	EndGlobalSection
	GlobalSection(ExtensibilityGlobals) = postSolution
		SolutionGuid = {828C066B-4219-456B-A3A9-9F26B35FB607}
	EndGlobalSection
EndGlobal
